# THIS IS AN AUTOGENERATED FILE. DO NOT EDIT THIS FILE DIRECTLY.
# yarn lockfile v1


"@datadog/browser-core@4.11.1":
  version "4.11.1"
  resolved "https://registry.npmjs.org/@datadog/browser-core/-/browser-core-4.11.1.tgz#8c90b14a20804fda26e861d523a7d500f75bc2e6"
  integrity sha512-0Q2n7bfqsJW4cNh8uQPfilKVWSR/xvFpsEZYhNodxzU0lQupUg2hz/E2tefgSmjojiMzMWX7KUwkEe3qf9Z4CQ==

"@datadog/browser-logs@^4.11.1":
  version "4.11.1"
  resolved "https://registry.npmjs.org/@datadog/browser-logs/-/browser-logs-4.11.1.tgz#006d758c3ee045b68f50f483f78d7bb2e51a2af7"
  integrity sha512-Xo6iUsHLmUwLSSXT7v+MLMPbCUQ9BcTiQGwgvRjPzRPd0y9PaScQrNK1lh/0aeSmLw2F0hwA/JaKpqGvWCrTJA==
  dependencies:
    "@datadog/browser-core" "4.11.1"

"@types/systemjs@^6.1.1":
  version "6.1.1"
  resolved "https://registry.npmjs.org/@types/systemjs/-/systemjs-6.1.1.tgz#eae17f2a080e867d01a2dd614f524ab227cf5a41"
  integrity sha512-d1M6eDKBGWx7RbYy295VEFoOF9YDJkPI959QYnmzcmeaV+SP4D0xV7dEh3sN5XF3GvO3PhGzm+17Z598nvHQuQ==

systemjs@^6.12.1:
  version "6.12.1"
  resolved "https://registry.npmjs.org/systemjs/-/systemjs-6.12.1.tgz#47cdd23a6ec9f1b01cf5b5f70562c8550da229d3"
  integrity sha512-hqTN6kW+pN6/qro6G9OZ7ceDQOcYno020zBQKpZQLsJhYTDMCMNfXi/Y8duF5iW+4WWZr42ry0MMkcRGpbwG2A==
